
Microsoft Visual Studio Solution File, Format Version 12.00
# Visual Studio Version 16
VisualStudioVersion = 16.0.32126.315
MinimumVisualStudioVersion = 10.0.40219.1
Project("{FAE04EC0-301F-11D3-BF4B-00C04F79EFBC}") = "src", "AntlrTest\src.csproj", "{56610EB8-7CE8-4758-BCF6-2F8665426D2F}"
EndProject
Global
	GlobalSection(SolutionConfigurationPlatforms) = preSolution
		Debug|Any CPU = Debug|Any CPU
		Release|Any CPU = Release|Any CPU
	EndGlobalSection
	GlobalSection(ProjectConfigurationPlatforms) = postSolution
		{56610EB8-7CE8-4758-BCF6-2F8665426D2F}.Debug|Any CPU.ActiveCfg = Debug|Any CPU
		{56610EB8-7CE8-4758-BCF6-2F8665426D2F}.Debug|Any CPU.Build.0 = Debug|Any CPU
		{56610EB8-7CE8-4758-BCF6-2F8665426D2F}.Release|Any CPU.ActiveCfg = Release|Any CPU
		{56610EB8-7CE8-4758-BCF6-2F8665426D2F}.Release|Any CPU.Build.0 = Release|Any CPU
	EndGlobalSection
	GlobalSection(SolutionProperties) = preSolution
		HideSolutionNode = FALSE
	EndGlobalSection
	GlobalSection(ExtensibilityGlobals) = postSolution
		SolutionGuid = {44A1AF8B-4391-477E-94BB-6943178AEBE5}
	EndGlobalSection
EndGlobal
